
Microsoft Visual Studio Solution File, Format Version 12.00
# Visual Studio Version 16
VisualStudioVersion = 16.0.31729.503
MinimumVisualStudioVersion = 10.0.40219.1
Project("{FAE04EC0-301F-11D3-BF4B-00C04F79EFBC}") = "CaccamoVettoriNumero6", "CaccamoVettoriNumero6\CaccamoVettoriNumero6.csproj", "{4997AA97-4A28-4F19-BADD-F2A7D3AB0671}"
EndProject
Global
	GlobalSection(SolutionConfigurationPlatforms) = preSolution
		Debug|Any CPU = Debug|Any CPU
		Release|Any CPU = Release|Any CPU
	EndGlobalSection
	GlobalSection(ProjectConfigurationPlatforms) = postSolution
		{4997AA97-4A28-4F19-BADD-F2A7D3AB0671}.Debug|Any CPU.ActiveCfg = Debug|Any CPU
		{4997AA97-4A28-4F19-BADD-F2A7D3AB0671}.Debug|Any CPU.Build.0 = Debug|Any CPU
		{4997AA97-4A28-4F19-BADD-F2A7D3AB0671}.Release|Any CPU.ActiveCfg = Release|Any CPU
		{4997AA97-4A28-4F19-BADD-F2A7D3AB0671}.Release|Any CPU.Build.0 = Release|Any CPU
	EndGlobalSection
	GlobalSection(SolutionProperties) = preSolution
		HideSolutionNode = FALSE
	EndGlobalSection
	GlobalSection(ExtensibilityGlobals) = postSolution
		SolutionGuid = {7B5C22BA-01D1-4949-8682-A8496A6B7C50}
	EndGlobalSection
EndGlobal
